// !$*UTF8*$!
{
	archiveVersion = 1;
	classes = {
	};
	objectVersion = 50;
	objects = {

/* Begin PBXBuildFile section */
		DB1C33C924F79B4800216C78 /* libKollusSDK.a in Frameworks */ = {isa = PBXBuildFile; fileRef = DB1C33C824F79B4800216C78 /* libKollusSDK.a */; };
		DB1C33CB24F79B5F00216C78 /* libsqlite3.0.tbd in Frameworks */ = {isa = PBXBuildFile; fileRef = DB1C33CA24F79B5F00216C78 /* libsqlite3.0.tbd */; };
		DB1C33CD24F79B6F00216C78 /* libiconv.tbd in Frameworks */ = {isa = PBXBuildFile; fileRef = DB1C33CC24F79B6F00216C78 /* libiconv.tbd */; };
		DB1C33CF24F79B7900216C78 /* CoreMedia.framework in Frameworks */ = {isa = PBXBuildFile; fileRef = DB1C33CE24F79B7900216C78 /* CoreMedia.framework */; };
		DB1C33D124F79B8200216C78 /* AVFoundation.framework in Frameworks */ = {isa = PBXBuildFile; fileRef = DB1C33D024F79B8200216C78 /* AVFoundation.framework */; };
		DB1C33D324F79B8A00216C78 /* QuartzCore.framework in Frameworks */ = {isa = PBXBuildFile; fileRef = DB1C33D224F79B8A00216C78 /* QuartzCore.framework */; };
		DB1C33D524F79B9600216C78 /* AudioToolbox.framework in Frameworks */ = {isa = PBXBuildFile; fileRef = DB1C33D424F79B9600216C78 /* AudioToolbox.framework */; };
		DB1C33D724F79BA100216C78 /* OpenGLES.framework in Frameworks */ = {isa = PBXBuildFile; fileRef = DB1C33D624F79BA100216C78 /* OpenGLES.framework */; };
		DB1C33D924F79BAF00216C78 /* Security.framework in Frameworks */ = {isa = PBXBuildFile; fileRef = DB1C33D824F79BAF00216C78 /* Security.framework */; };
		DB1C33DB24F79BB900216C78 /* SystemConfiguration.framework in Frameworks */ = {isa = PBXBuildFile; fileRef = DB1C33DA24F79BB900216C78 /* SystemConfiguration.framework */; };
		DB1C33DD24F79BC400216C78 /* MediaPlayer.framework in Frameworks */ = {isa = PBXBuildFile; fileRef = DB1C33DC24F79BC400216C78 /* MediaPlayer.framework */; };
		DB1C33DF24F79BCE00216C78 /* CoreGraphics.framework in Frameworks */ = {isa = PBXBuildFile; fileRef = DB1C33DE24F79BCE00216C78 /* CoreGraphics.framework */; };
		DB1C33E124F79BD800216C78 /* UIKit.framework in Frameworks */ = {isa = PBXBuildFile; fileRef = DB1C33E024F79BD800216C78 /* UIKit.framework */; };
		DB1C33E324F79BE600216C78 /* Foundation.framework in Frameworks */ = {isa = PBXBuildFile; fileRef = DB1C33E224F79BE600216C78 /* Foundation.framework */; };
		DB37B9112333457B007AC513 /* AppDelegate.m in Sources */ = {isa = PBXBuildFile; fileRef = DB37B9102333457B007AC513 /* AppDelegate.m */; };
		DB37B9142333457B007AC513 /* ViewController.m in Sources */ = {isa = PBXBuildFile; fileRef = DB37B9132333457B007AC513 /* ViewController.m */; };
		DB37B9172333457B007AC513 /* Main.storyboard in Resources */ = {isa = PBXBuildFile; fileRef = DB37B9152333457B007AC513 /* Main.storyboard */; };
		DB37B9192333457F007AC513 /* Assets.xcassets in Resources */ = {isa = PBXBuildFile; fileRef = DB37B9182333457F007AC513 /* Assets.xcassets */; };
		DB37B91C2333457F007AC513 /* LaunchScreen.storyboard in Resources */ = {isa = PBXBuildFile; fileRef = DB37B91A2333457F007AC513 /* LaunchScreen.storyboard */; };
		DB37B91F2333457F007AC513 /* main.m in Sources */ = {isa = PBXBuildFile; fileRef = DB37B91E2333457F007AC513 /* main.m */; };
/* End PBXBuildFile section */

/* Begin PBXFileReference section */
		DB1C33C824F79B4800216C78 /* libKollusSDK.a */ = {isa = PBXFileReference; lastKnownFileType = archive.ar; name = libKollusSDK.a; path = ExternalLib/KollusSDK/lib/libKollusSDK.a; sourceTree = "<group>"; };
		DB1C33CA24F79B5F00216C78 /* libsqlite3.0.tbd */ = {isa = PBXFileReference; lastKnownFileType = "sourcecode.text-based-dylib-definition"; name = libsqlite3.0.tbd; path = usr/lib/libsqlite3.0.tbd; sourceTree = SDKROOT; };
		DB1C33CC24F79B6F00216C78 /* libiconv.tbd */ = {isa = PBXFileReference; lastKnownFileType = "sourcecode.text-based-dylib-definition"; name = libiconv.tbd; path = usr/lib/libiconv.tbd; sourceTree = SDKROOT; };
		DB1C33CE24F79B7900216C78 /* CoreMedia.framework */ = {isa = PBXFileReference; lastKnownFileType = wrapper.framework; name = CoreMedia.framework; path = System/Library/Frameworks/CoreMedia.framework; sourceTree = SDKROOT; };
		DB1C33D024F79B8200216C78 /* AVFoundation.framework */ = {isa = PBXFileReference; lastKnownFileType = wrapper.framework; name = AVFoundation.framework; path = System/Library/Frameworks/AVFoundation.framework; sourceTree = SDKROOT; };
		DB1C33D224F79B8A00216C78 /* QuartzCore.framework */ = {isa = PBXFileReference; lastKnownFileType = wrapper.framework; name = QuartzCore.framework; path = System/Library/Frameworks/QuartzCore.framework; sourceTree = SDKROOT; };
		DB1C33D424F79B9600216C78 /* AudioToolbox.framework */ = {isa = PBXFileReference; lastKnownFileType = wrapper.framework; name = AudioToolbox.framework; path = System/Library/Frameworks/AudioToolbox.framework; sourceTree = SDKROOT; };
		DB1C33D624F79BA100216C78 /* OpenGLES.framework */ = {isa = PBXFileReference; lastKnownFileType = wrapper.framework; name = OpenGLES.framework; path = System/Library/Frameworks/OpenGLES.framework; sourceTree = SDKROOT; };
		DB1C33D824F79BAF00216C78 /* Security.framework */ = {isa = PBXFileReference; lastKnownFileType = wrapper.framework; name = Security.framework; path = System/Library/Frameworks/Security.framework; sourceTree = SDKROOT; };
		DB1C33DA24F79BB900216C78 /* SystemConfiguration.framework */ = {isa = PBXFileReference; lastKnownFileType = wrapper.framework; name = SystemConfiguration.framework; path = System/Library/Frameworks/SystemConfiguration.framework; sourceTree = SDKROOT; };
		DB1C33DC24F79BC400216C78 /* MediaPlayer.framework */ = {isa = PBXFileReference; lastKnownFileType = wrapper.framework; name = MediaPlayer.framework; path = System/Library/Frameworks/MediaPlayer.framework; sourceTree = SDKROOT; };
		DB1C33DE24F79BCE00216C78 /* CoreGraphics.framework */ = {isa = PBXFileReference; lastKnownFileType = wrapper.framework; name = CoreGraphics.framework; path = System/Library/Frameworks/CoreGraphics.framework; sourceTree = SDKROOT; };
		DB1C33E024F79BD800216C78 /* UIKit.framework */ = {isa = PBXFileReference; lastKnownFileType = wrapper.framework; name = UIKit.framework; path = System/Library/Frameworks/UIKit.framework; sourceTree = SDKROOT; };
		DB1C33E224F79BE600216C78 /* Foundation.framework */ = {isa = PBXFileReference; lastKnownFileType = wrapper.framework; name = Foundation.framework; path = System/Library/Frameworks/Foundation.framework; sourceTree = SDKROOT; };
		DB37B90C2333457B007AC513 /* KollusPlayer-Objc.app */ = {isa = PBXFileReference; explicitFileType = wrapper.application; includeInIndex = 0; path = "KollusPlayer-Objc.app"; sourceTree = BUILT_PRODUCTS_DIR; };
		DB37B90F2333457B007AC513 /* AppDelegate.h */ = {isa = PBXFileReference; lastKnownFileType = sourcecode.c.h; path = AppDelegate.h; sourceTree = "<group>"; };
		DB37B9102333457B007AC513 /* AppDelegate.m */ = {isa = PBXFileReference; lastKnownFileType = sourcecode.c.objc; path = AppDelegate.m; sourceTree = "<group>"; };
		DB37B9122333457B007AC513 /* ViewController.h */ = {isa = PBXFileReference; lastKnownFileType = sourcecode.c.h; path = ViewController.h; sourceTree = "<group>"; };
		DB37B9132333457B007AC513 /* ViewController.m */ = {isa = PBXFileReference; lastKnownFileType = sourcecode.c.objc; path = ViewController.m; sourceTree = "<group>"; };
		DB37B9162333457B007AC513 /* Base */ = {isa = PBXFileReference; lastKnownFileType = file.storyboard; name = Base; path = Base.lproj/Main.storyboard; sourceTree = "<group>"; };
		DB37B9182333457F007AC513 /* Assets.xcassets */ = {isa = PBXFileReference; lastKnownFileType = folder.assetcatalog; path = Assets.xcassets; sourceTree = "<group>"; };
		DB37B91B2333457F007AC513 /* Base */ = {isa = PBXFileReference; lastKnownFileType = file.storyboard; name = Base; path = Base.lproj/LaunchScreen.storyboard; sourceTree = "<group>"; };
		DB37B91D2333457F007AC513 /* Info.plist */ = {isa = PBXFileReference; lastKnownFileType = text.plist.xml; path = Info.plist; sourceTree = "<group>"; };
		DB37B91E2333457F007AC513 /* main.m */ = {isa = PBXFileReference; lastKnownFileType = sourcecode.c.objc; path = main.m; sourceTree = "<group>"; };
/* End PBXFileReference section */

/* Begin PBXFrameworksBuildPhase section */
		DB37B9092333457A007AC513 /* Frameworks */ = {
			isa = PBXFrameworksBuildPhase;
			buildActionMask = 2147483647;
			files = (
				DB1C33E324F79BE600216C78 /* Foundation.framework in Frameworks */,
				DB1C33E124F79BD800216C78 /* UIKit.framework in Frameworks */,
				DB1C33DF24F79BCE00216C78 /* CoreGraphics.framework in Frameworks */,
				DB1C33DD24F79BC400216C78 /* MediaPlayer.framework in Frameworks */,
				DB1C33DB24F79BB900216C78 /* SystemConfiguration.framework in Frameworks */,
				DB1C33D924F79BAF00216C78 /* Security.framework in Frameworks */,
				DB1C33D724F79BA100216C78 /* OpenGLES.framework in Frameworks */,
				DB1C33D524F79B9600216C78 /* AudioToolbox.framework in Frameworks */,
				DB1C33D324F79B8A00216C78 /* QuartzCore.framework in Frameworks */,
				DB1C33D124F79B8200216C78 /* AVFoundation.framework in Frameworks */,
				DB1C33CF24F79B7900216C78 /* CoreMedia.framework in Frameworks */,
				DB1C33CD24F79B6F00216C78 /* libiconv.tbd in Frameworks */,
				DB1C33CB24F79B5F00216C78 /* libsqlite3.0.tbd in Frameworks */,
				DB1C33C924F79B4800216C78 /* libKollusSDK.a in Frameworks */,
			);
			runOnlyForDeploymentPostprocessing = 0;
		};
/* End PBXFrameworksBuildPhase section */

/* Begin PBXGroup section */
		DB1C33C724F79B4700216C78 /* Frameworks */ = {
			isa = PBXGroup;
			children = (
				DB1C33E224F79BE600216C78 /* Foundation.framework */,
				DB1C33E024F79BD800216C78 /* UIKit.framework */,
				DB1C33DE24F79BCE00216C78 /* CoreGraphics.framework */,
				DB1C33DC24F79BC400216C78 /* MediaPlayer.framework */,
				DB1C33DA24F79BB900216C78 /* SystemConfiguration.framework */,
				DB1C33D824F79BAF00216C78 /* Security.framework */,
				DB1C33D624F79BA100216C78 /* OpenGLES.framework */,
				DB1C33D424F79B9600216C78 /* AudioToolbox.framework */,
				DB1C33D224F79B8A00216C78 /* QuartzCore.framework */,
				DB1C33D024F79B8200216C78 /* AVFoundation.framework */,
				DB1C33CE24F79B7900216C78 /* CoreMedia.framework */,
				DB1C33CC24F79B6F00216C78 /* libiconv.tbd */,
				DB1C33CA24F79B5F00216C78 /* libsqlite3.0.tbd */,
				DB1C33C824F79B4800216C78 /* libKollusSDK.a */,
			);
			name = Frameworks;
			sourceTree = "<group>";
		};
		DB37B9032333457A007AC513 = {
			isa = PBXGroup;
			children = (
				DB37B90E2333457B007AC513 /* KollusPlayer-Objc */,
				DB37B90D2333457B007AC513 /* Products */,
				DB1C33C724F79B4700216C78 /* Frameworks */,
			);
			sourceTree = "<group>";
		};
		DB37B90D2333457B007AC513 /* Products */ = {
			isa = PBXGroup;
			children = (
				DB37B90C2333457B007AC513 /* KollusPlayer-Objc.app */,
			);
			name = Products;
			sourceTree = "<group>";
		};
		DB37B90E2333457B007AC513 /* KollusPlayer-Objc */ = {
			isa = PBXGroup;
			children = (
				DB37B90F2333457B007AC513 /* AppDelegate.h */,
				DB37B9102333457B007AC513 /* AppDelegate.m */,
				DB37B9122333457B007AC513 /* ViewController.h */,
				DB37B9132333457B007AC513 /* ViewController.m */,
				DB37B9152333457B007AC513 /* Main.storyboard */,
				DB37B9182333457F007AC513 /* Assets.xcassets */,
				DB37B91A2333457F007AC513 /* LaunchScreen.storyboard */,
				DB37B91D2333457F007AC513 /* Info.plist */,
				DB37B91E2333457F007AC513 /* main.m */,
			);
			path = "KollusPlayer-Objc";
			sourceTree = "<group>";
		};
/* End PBXGroup section */

/* Begin PBXNativeTarget section */
		DB37B90B2333457A007AC513 /* KollusPlayer-Objc */ = {
			isa = PBXNativeTarget;
			buildConfigurationList = DB37B9222333457F007AC513 /* Build configuration list for PBXNativeTarget "KollusPlayer-Objc" */;
			buildPhases = (
				DB37B9082333457A007AC513 /* Sources */,
				DB37B9092333457A007AC513 /* Frameworks */,
				DB37B90A2333457A007AC513 /* Resources */,
			);
			buildRules = (
			);
			dependencies = (
			);
			name = "KollusPlayer-Objc";
			productName = "KollusPlayer-Objc";
			productReference = DB37B90C2333457B007AC513 /* KollusPlayer-Objc.app */;
			productType = "com.apple.product-type.application";
		};
/* End PBXNativeTarget section */

/* Begin PBXProject section */
		DB37B9042333457A007AC513 /* Project object */ = {
			isa = PBXProject;
			attributes = {
				LastUpgradeCheck = 1030;
				ORGANIZATIONNAME = "양현덕";
				TargetAttributes = {
					DB37B90B2333457A007AC513 = {
						CreatedOnToolsVersion = 10.3;
					};
				};
			};
			buildConfigurationList = DB37B9072333457A007AC513 /* Build configuration list for PBXProject "KollusPlayer-Objc" */;
			compatibilityVersion = "Xcode 9.3";
			developmentRegion = en;
			hasScannedForEncodings = 0;
			knownRegions = (
				en,
				Base,
			);
			mainGroup = DB37B9032333457A007AC513;
			productRefGroup = DB37B90D2333457B007AC513 /* Products */;
			projectDirPath = "";
			projectRoot = "";
			targets = (
				DB37B90B2333457A007AC513 /* KollusPlayer-Objc */,
			);
		};
/* End PBXProject section */

/* Begin PBXResourcesBuildPhase section */
		DB37B90A2333457A007AC513 /* Resources */ = {
			isa = PBXResourcesBuildPhase;
			buildActionMask = 2147483647;
			files = (
				DB37B91C2333457F007AC513 /* LaunchScreen.storyboard in Resources */,
				DB37B9192333457F007AC513 /* Assets.xcassets in Resources */,
				DB37B9172333457B007AC513 /* Main.storyboard in Resources */,
			);
			runOnlyForDeploymentPostprocessing = 0;
		};
/* End PBXResourcesBuildPhase section */

/* Begin PBXSourcesBuildPhase section */
		DB37B9082333457A007AC513 /* Sources */ = {
			isa = PBXSourcesBuildPhase;
			buildActionMask = 2147483647;
			files = (
				DB37B9142333457B007AC513 /* ViewController.m in Sources */,
				DB37B91F2333457F007AC513 /* main.m in Sources */,
				DB37B9112333457B007AC513 /* AppDelegate.m in Sources */,
			);
			runOnlyForDeploymentPostprocessing = 0;
		};
/* End PBXSourcesBuildPhase section */

/* Begin PBXVariantGroup section */
		DB37B9152333457B007AC513 /* Main.storyboard */ = {
			isa = PBXVariantGroup;
			children = (
				DB37B9162333457B007AC513 /* Base */,
			);
			name = Main.storyboard;
			sourceTree = "<group>";
		};
		DB37B91A2333457F007AC513 /* LaunchScreen.storyboard */ = {
			isa = PBXVariantGroup;
			children = (
				DB37B91B2333457F007AC513 /* Base */,
			);
			name = LaunchScreen.storyboard;
			sourceTree = "<group>";
		};
/* End PBXVariantGroup section */

/* Begin XCBuildConfiguration section */
		DB37B9202333457F007AC513 /* Debug */ = {
			isa = XCBuildConfiguration;
			buildSettings = {
				ALWAYS_SEARCH_USER_PATHS = NO;
				CLANG_ANALYZER_NONNULL = YES;
				CLANG_ANALYZER_NUMBER_OBJECT_CONVERSION = YES_AGGRESSIVE;
				CLANG_CXX_LANGUAGE_STANDARD = "gnu++14";
				CLANG_CXX_LIBRARY = "libc++";
				CLANG_ENABLE_MODULES = YES;
				CLANG_ENABLE_OBJC_ARC = YES;
				CLANG_ENABLE_OBJC_WEAK = YES;
				CLANG_WARN_BLOCK_CAPTURE_AUTORELEASING = YES;
				CLANG_WARN_BOOL_CONVERSION = YES;
				CLANG_WARN_COMMA = YES;
				CLANG_WARN_CONSTANT_CONVERSION = YES;
				CLANG_WARN_DEPRECATED_OBJC_IMPLEMENTATIONS = YES;
				CLANG_WARN_DIRECT_OBJC_ISA_USAGE = YES_ERROR;
				CLANG_WARN_DOCUMENTATION_COMMENTS = YES;
				CLANG_WARN_EMPTY_BODY = YES;
				CLANG_WARN_ENUM_CONVERSION = YES;
				CLANG_WARN_INFINITE_RECURSION = YES;
				CLANG_WARN_INT_CONVERSION = YES;
				CLANG_WARN_NON_LITERAL_NULL_CONVERSION = YES;
				CLANG_WARN_OBJC_IMPLICIT_RETAIN_SELF = YES;
				CLANG_WARN_OBJC_LITERAL_CONVERSION = YES;
				CLANG_WARN_OBJC_ROOT_CLASS = YES_ERROR;
				CLANG_WARN_RANGE_LOOP_ANALYSIS = YES;
				CLANG_WARN_STRICT_PROTOTYPES = YES;
				CLANG_WARN_SUSPICIOUS_MOVE = YES;
				CLANG_WARN_UNGUARDED_AVAILABILITY = YES_AGGRESSIVE;
				CLANG_WARN_UNREACHABLE_CODE = YES;
				CLANG_WARN__DUPLICATE_METHOD_MATCH = YES;
				CODE_SIGN_IDENTITY = "iPhone Developer";
				COPY_PHASE_STRIP = NO;
				DEBUG_INFORMATION_FORMAT = dwarf;
				ENABLE_STRICT_OBJC_MSGSEND = YES;
				ENABLE_TESTABILITY = YES;
				GCC_C_LANGUAGE_STANDARD = gnu11;
				GCC_DYNAMIC_NO_PIC = NO;
				GCC_NO_COMMON_BLOCKS = YES;
				GCC_OPTIMIZATION_LEVEL = 0;
				GCC_PREPROCESSOR_DEFINITIONS = (
					"DEBUG=1",
					"$(inherited)",
				);
				GCC_WARN_64_TO_32_BIT_CONVERSION = YES;
				GCC_WARN_ABOUT_RETURN_TYPE = YES_ERROR;
				GCC_WARN_UNDECLARED_SELECTOR = YES;
				GCC_WARN_UNINITIALIZED_AUTOS = YES_AGGRESSIVE;
				GCC_WARN_UNUSED_FUNCTION = YES;
				GCC_WARN_UNUSED_VARIABLE = YES;
				IPHONEOS_DEPLOYMENT_TARGET = 12.4;
				MTL_ENABLE_DEBUG_INFO = INCLUDE_SOURCE;
				MTL_FAST_MATH = YES;
				ONLY_ACTIVE_ARCH = YES;
				SDKROOT = iphoneos;
			};
			name = Debug;
		};
		DB37B9212333457F007AC513 /* Release */ = {
			isa = XCBuildConfiguration;
			buildSettings = {
				ALWAYS_SEARCH_USER_PATHS = NO;
				CLANG_ANALYZER_NONNULL = YES;
				CLANG_ANALYZER_NUMBER_OBJECT_CONVERSION = YES_AGGRESSIVE;
				CLANG_CXX_LANGUAGE_STANDARD = "gnu++14";
				CLANG_CXX_LIBRARY = "libc++";
				CLANG_ENABLE_MODULES = YES;
				CLANG_ENABLE_OBJC_ARC = YES;
				CLANG_ENABLE_OBJC_WEAK = YES;
				CLANG_WARN_BLOCK_CAPTURE_AUTORELEASING = YES;
				CLANG_WARN_BOOL_CONVERSION = YES;
				CLANG_WARN_COMMA = YES;
				CLANG_WARN_CONSTANT_CONVERSION = YES;
				CLANG_WARN_DEPRECATED_OBJC_IMPLEMENTATIONS = YES;
				CLANG_WARN_DIRECT_OBJC_ISA_USAGE = YES_ERROR;
				CLANG_WARN_DOCUMENTATION_COMMENTS = YES;
				CLANG_WARN_EMPTY_BODY = YES;
				CLANG_WARN_ENUM_CONVERSION = YES;
				CLANG_WARN_INFINITE_RECURSION = YES;
				CLANG_WARN_INT_CONVERSION = YES;
				CLANG_WARN_NON_LITERAL_NULL_CONVERSION = YES;
				CLANG_WARN_OBJC_IMPLICIT_RETAIN_SELF = YES;
				CLANG_WARN_OBJC_LITERAL_CONVERSION = YES;
				CLANG_WARN_OBJC_ROOT_CLASS = YES_ERROR;
				CLANG_WARN_RANGE_LOOP_ANALYSIS = YES;
				CLANG_WARN_STRICT_PROTOTYPES = YES;
				CLANG_WARN_SUSPICIOUS_MOVE = YES;
				CLANG_WARN_UNGUARDED_AVAILABILITY = YES_AGGRESSIVE;
				CLANG_WARN_UNREACHABLE_CODE = YES;
				CLANG_WARN__DUPLICATE_METHOD_MATCH = YES;
				CODE_SIGN_IDENTITY = "iPhone Developer";
				COPY_PHASE_STRIP = NO;
				DEBUG_INFORMATION_FORMAT = "dwarf-with-dsym";
				ENABLE_NS_ASSERTIONS = NO;
				ENABLE_STRICT_OBJC_MSGSEND = YES;
				GCC_C_LANGUAGE_STANDARD = gnu11;
				GCC_NO_COMMON_BLOCKS = YES;
				GCC_WARN_64_TO_32_BIT_CONVERSION = YES;
				GCC_WARN_ABOUT_RETURN_TYPE = YES_ERROR;
				GCC_WARN_UNDECLARED_SELECTOR = YES;
				GCC_WARN_UNINITIALIZED_AUTOS = YES_AGGRESSIVE;
				GCC_WARN_UNUSED_FUNCTION = YES;
				GCC_WARN_UNUSED_VARIABLE = YES;
				IPHONEOS_DEPLOYMENT_TARGET = 12.4;
				MTL_ENABLE_DEBUG_INFO = NO;
				MTL_FAST_MATH = YES;
				SDKROOT = iphoneos;
				VALIDATE_PRODUCT = YES;
			};
			name = Release;
		};
		DB37B9232333457F007AC513 /* Debug */ = {
			isa = XCBuildConfiguration;
			buildSettings = {
				ASSETCATALOG_COMPILER_APPICON_NAME = AppIcon;
				CODE_SIGN_STYLE = Automatic;
				DEVELOPMENT_TEAM = D87JZ6F857;
				ENABLE_BITCODE = NO;
				HEADER_SEARCH_PATHS = "/Users/hdyang/Develop/KollusPlayer-Objc/ExternalLib/KollusSDK/include/KollusSDK";
				INFOPLIST_FILE = "KollusPlayer-Objc/Info.plist";
				LD_RUNPATH_SEARCH_PATHS = (
					"$(inherited)",
					"@executable_path/Frameworks",
				);
				LIBRARY_SEARCH_PATHS = (
					"$(inherited)",
					"$(PROJECT_DIR)/ExternalLib/KollusSDK/lib",
				);
				OTHER_LDFLAGS = (
					"-lc++",
					"-lz",
				);
				PRODUCT_BUNDLE_IDENTIFIER = com.se.kollus;
				PRODUCT_NAME = "$(TARGET_NAME)";
				TARGETED_DEVICE_FAMILY = "1,2";
			};
			name = Debug;
		};
		DB37B9242333457F007AC513 /* Release */ = {
			isa = XCBuildConfiguration;
			buildSettings = {
				ASSETCATALOG_COMPILER_APPICON_NAME = AppIcon;
				CODE_SIGN_STYLE = Automatic;
				DEVELOPMENT_TEAM = D87JZ6F857;
				ENABLE_BITCODE = NO;
				HEADER_SEARCH_PATHS = "/Users/hdyang/Develop/KollusPlayer-Objc/ExternalLib/KollusSDK/include/KollusSDK";
				INFOPLIST_FILE = "KollusPlayer-Objc/Info.plist";
				LD_RUNPATH_SEARCH_PATHS = (
					"$(inherited)",
					"@executable_path/Frameworks",
				);
				LIBRARY_SEARCH_PATHS = (
					"$(inherited)",
					"$(PROJECT_DIR)/ExternalLib/KollusSDK/lib",
				);
				OTHER_LDFLAGS = (
					"-lc++",
					"-lz",
				);
				PRODUCT_BUNDLE_IDENTIFIER = com.se.kollus;
				PRODUCT_NAME = "$(TARGET_NAME)";
				TARGETED_DEVICE_FAMILY = "1,2";
			};
			name = Release;
		};
/* End XCBuildConfiguration section */

/* Begin XCConfigurationList section */
		DB37B9072333457A007AC513 /* Build configuration list for PBXProject "KollusPlayer-Objc" */ = {
			isa = XCConfigurationList;
			buildConfigurations = (
				DB37B9202333457F007AC513 /* Debug */,
				DB37B9212333457F007AC513 /* Release */,
			);
			defaultConfigurationIsVisible = 0;
			defaultConfigurationName = Release;
		};
		DB37B9222333457F007AC513 /* Build configuration list for PBXNativeTarget "KollusPlayer-Objc" */ = {
			isa = XCConfigurationList;
			buildConfigurations = (
				DB37B9232333457F007AC513 /* Debug */,
				DB37B9242333457F007AC513 /* Release */,
			);
			defaultConfigurationIsVisible = 0;
			defaultConfigurationName = Release;
		};
/* End XCConfigurationList section */
	};
	rootObject = DB37B9042333457A007AC513 /* Project object */;
}
